// !$*UTF8*$!
{
	archiveVersion = 1;
	classes = {
	};
	objectVersion = 50;
	objects = {

/* Begin PBXBuildFile section */
		010686F023FED4B500CB74FD /* AppDelegate.swift in Sources */ = {isa = PBXBuildFile; fileRef = 010686EF23FED4B500CB74FD /* AppDelegate.swift */; };
		010686F223FED4B500CB74FD /* SceneDelegate.swift in Sources */ = {isa = PBXBuildFile; fileRef = 010686F123FED4B500CB74FD /* SceneDelegate.swift */; };
		010686F423FED4B500CB74FD /* ViewController.swift in Sources */ = {isa = PBXBuildFile; fileRef = 010686F323FED4B500CB74FD /* ViewController.swift */; };
		010686F723FED4B500CB74FD /* Main.storyboard in Resources */ = {isa = PBXBuildFile; fileRef = 010686F523FED4B500CB74FD /* Main.storyboard */; };
		010686FA23FED4B500CB74FD /* Project_for_Test.xcdatamodeld in Sources */ = {isa = PBXBuildFile; fileRef = 010686F823FED4B500CB74FD /* Project_for_Test.xcdatamodeld */; };
		010686FC23FED4BC00CB74FD /* Assets.xcassets in Resources */ = {isa = PBXBuildFile; fileRef = 010686FB23FED4BC00CB74FD /* Assets.xcassets */; };
		010686FF23FED4BC00CB74FD /* LaunchScreen.storyboard in Resources */ = {isa = PBXBuildFile; fileRef = 010686FD23FED4BC00CB74FD /* LaunchScreen.storyboard */; };
		0106870A23FED4BD00CB74FD /* Project_for_TestTests.swift in Sources */ = {isa = PBXBuildFile; fileRef = 0106870923FED4BD00CB74FD /* Project_for_TestTests.swift */; };
/* End PBXBuildFile section */

/* Begin PBXContainerItemProxy section */
		0106870623FED4BD00CB74FD /* PBXContainerItemProxy */ = {
			isa = PBXContainerItemProxy;
			containerPortal = 010686E423FED4B500CB74FD /* Project object */;
			proxyType = 1;
			remoteGlobalIDString = 010686EB23FED4B500CB74FD;
			remoteInfo = "Project for Test";
		};
/* End PBXContainerItemProxy section */

/* Begin PBXFileReference section */
		010686EC23FED4B500CB74FD /* Project for Test.app */ = {isa = PBXFileReference; explicitFileType = wrapper.application; includeInIndex = 0; path = "Project for Test.app"; sourceTree = BUILT_PRODUCTS_DIR; };
		010686EF23FED4B500CB74FD /* AppDelegate.swift */ = {isa = PBXFileReference; lastKnownFileType = sourcecode.swift; path = AppDelegate.swift; sourceTree = "<group>"; };
		010686F123FED4B500CB74FD /* SceneDelegate.swift */ = {isa = PBXFileReference; lastKnownFileType = sourcecode.swift; path = SceneDelegate.swift; sourceTree = "<group>"; };
		010686F323FED4B500CB74FD /* ViewController.swift */ = {isa = PBXFileReference; lastKnownFileType = sourcecode.swift; path = ViewController.swift; sourceTree = "<group>"; };
		010686F623FED4B500CB74FD /* Base */ = {isa = PBXFileReference; lastKnownFileType = file.storyboard; name = Base; path = Base.lproj/Main.storyboard; sourceTree = "<group>"; };
		010686F923FED4B500CB74FD /* Project_for_Test.xcdatamodel */ = {isa = PBXFileReference; lastKnownFileType = wrapper.xcdatamodel; path = Project_for_Test.xcdatamodel; sourceTree = "<group>"; };
		010686FB23FED4BC00CB74FD /* Assets.xcassets */ = {isa = PBXFileReference; lastKnownFileType = folder.assetcatalog; path = Assets.xcassets; sourceTree = "<group>"; };
		010686FE23FED4BC00CB74FD /* Base */ = {isa = PBXFileReference; lastKnownFileType = file.storyboard; name = Base; path = Base.lproj/LaunchScreen.storyboard; sourceTree = "<group>"; };
		0106870023FED4BC00CB74FD /* Info.plist */ = {isa = PBXFileReference; lastKnownFileType = text.plist.xml; path = Info.plist; sourceTree = "<group>"; };
		0106870523FED4BD00CB74FD /* Project for TestTests.xctest */ = {isa = PBXFileReference; explicitFileType = wrapper.cfbundle; includeInIndex = 0; path = "Project for TestTests.xctest"; sourceTree = BUILT_PRODUCTS_DIR; };
		0106870923FED4BD00CB74FD /* Project_for_TestTests.swift */ = {isa = PBXFileReference; lastKnownFileType = sourcecode.swift; path = Project_for_TestTests.swift; sourceTree = "<group>"; };
		0106870B23FED4BD00CB74FD /* Info.plist */ = {isa = PBXFileReference; lastKnownFileType = text.plist.xml; path = Info.plist; sourceTree = "<group>"; };
/* End PBXFileReference section */

/* Begin PBXFrameworksBuildPhase section */
		010686E923FED4B500CB74FD /* Frameworks */ = {
			isa = PBXFrameworksBuildPhase;
			buildActionMask = 2147483647;
			files = (
			);
			runOnlyForDeploymentPostprocessing = 0;
		};
		0106870223FED4BD00CB74FD /* Frameworks */ = {
			isa = PBXFrameworksBuildPhase;
			buildActionMask = 2147483647;
			files = (
			);
			runOnlyForDeploymentPostprocessing = 0;
		};
/* End PBXFrameworksBuildPhase section */

/* Begin PBXGroup section */
		010686E323FED4B500CB74FD = {
			isa = PBXGroup;
			children = (
				010686EE23FED4B500CB74FD /* Project for Test */,
				0106870823FED4BD00CB74FD /* Project for TestTests */,
				010686ED23FED4B500CB74FD /* Products */,
			);
			sourceTree = "<group>";
		};
		010686ED23FED4B500CB74FD /* Products */ = {
			isa = PBXGroup;
			children = (
				010686EC23FED4B500CB74FD /* Project for Test.app */,
				0106870523FED4BD00CB74FD /* Project for TestTests.xctest */,
			);
			name = Products;
			sourceTree = "<group>";
		};
		010686EE23FED4B500CB74FD /* Project for Test */ = {
			isa = PBXGroup;
			children = (
				010686EF23FED4B500CB74FD /* AppDelegate.swift */,
				010686F123FED4B500CB74FD /* SceneDelegate.swift */,
				010686F323FED4B500CB74FD /* ViewController.swift */,
				010686F523FED4B500CB74FD /* Main.storyboard */,
				010686FB23FED4BC00CB74FD /* Assets.xcassets */,
				010686FD23FED4BC00CB74FD /* LaunchScreen.storyboard */,
				0106870023FED4BC00CB74FD /* Info.plist */,
				010686F823FED4B500CB74FD /* Project_for_Test.xcdatamodeld */,
			);
			path = "Project for Test";
			sourceTree = "<group>";
		};
		0106870823FED4BD00CB74FD /* Project for TestTests */ = {
			isa = PBXGroup;
			children = (
				0106870923FED4BD00CB74FD /* Project_for_TestTests.swift */,
				0106870B23FED4BD00CB74FD /* Info.plist */,
			);
			path = "Project for TestTests";
			sourceTree = "<group>";
		};
/* End PBXGroup section */

/* Begin PBXNativeTarget section */
		010686EB23FED4B500CB74FD /* Project for Test */ = {
			isa = PBXNativeTarget;
			buildConfigurationList = 0106870E23FED4BD00CB74FD /* Build configuration list for PBXNativeTarget "Project for Test" */;
			buildPhases = (
				010686E823FED4B500CB74FD /* Sources */,
				010686E923FED4B500CB74FD /* Frameworks */,
				010686EA23FED4B500CB74FD /* Resources */,
			);
			buildRules = (
			);
			dependencies = (
			);
			name = "Project for Test";
			productName = "Project for Test";
			productReference = 010686EC23FED4B500CB74FD /* Project for Test.app */;
			productType = "com.apple.product-type.application";
		};
		0106870423FED4BD00CB74FD /* Project for TestTests */ = {
			isa = PBXNativeTarget;
			buildConfigurationList = 0106871123FED4BD00CB74FD /* Build configuration list for PBXNativeTarget "Project for TestTests" */;
			buildPhases = (
				0106870123FED4BD00CB74FD /* Sources */,
				0106870223FED4BD00CB74FD /* Frameworks */,
				0106870323FED4BD00CB74FD /* Resources */,
			);
			buildRules = (
			);
			dependencies = (
				0106870723FED4BD00CB74FD /* PBXTargetDependency */,
			);
			name = "Project for TestTests";
			productName = "Project for TestTests";
			productReference = 0106870523FED4BD00CB74FD /* Project for TestTests.xctest */;
			productType = "com.apple.product-type.bundle.unit-test";
		};
/* End PBXNativeTarget section */

/* Begin PBXProject section */
		010686E423FED4B500CB74FD /* Project object */ = {
			isa = PBXProject;
			attributes = {
				LastSwiftUpdateCheck = 1130;
				LastUpgradeCheck = 1130;
				ORGANIZATIONNAME = Kris;
				TargetAttributes = {
					010686EB23FED4B500CB74FD = {
						CreatedOnToolsVersion = 11.3;
					};
					0106870423FED4BD00CB74FD = {
						CreatedOnToolsVersion = 11.3;
						TestTargetID = 010686EB23FED4B500CB74FD;
					};
				};
			};
			buildConfigurationList = 010686E723FED4B500CB74FD /* Build configuration list for PBXProject "Project for Test" */;
			compatibilityVersion = "Xcode 9.3";
			developmentRegion = en;
			hasScannedForEncodings = 0;
			knownRegions = (
				en,
				Base,
			);
			mainGroup = 010686E323FED4B500CB74FD;
			productRefGroup = 010686ED23FED4B500CB74FD /* Products */;
			projectDirPath = "";
			projectRoot = "";
			targets = (
				010686EB23FED4B500CB74FD /* Project for Test */,
				0106870423FED4BD00CB74FD /* Project for TestTests */,
			);
		};
/* End PBXProject section */

/* Begin PBXResourcesBuildPhase section */
		010686EA23FED4B500CB74FD /* Resources */ = {
			isa = PBXResourcesBuildPhase;
			buildActionMask = 2147483647;
			files = (
				010686FF23FED4BC00CB74FD /* LaunchScreen.storyboard in Resources */,
				010686FC23FED4BC00CB74FD /* Assets.xcassets in Resources */,
				010686F723FED4B500CB74FD /* Main.storyboard in Resources */,
			);
			runOnlyForDeploymentPostprocessing = 0;
		};
		0106870323FED4BD00CB74FD /* Resources */ = {
			isa = PBXResourcesBuildPhase;
			buildActionMask = 2147483647;
			files = (
			);
			runOnlyForDeploymentPostprocessing = 0;
		};
/* End PBXResourcesBuildPhase section */

/* Begin PBXSourcesBuildPhase section */
		010686E823FED4B500CB74FD /* Sources */ = {
			isa = PBXSourcesBuildPhase;
			buildActionMask = 2147483647;
			files = (
				010686F423FED4B500CB74FD /* ViewController.swift in Sources */,
				010686FA23FED4B500CB74FD /* Project_for_Test.xcdatamodeld in Sources */,
				010686F023FED4B500CB74FD /* AppDelegate.swift in Sources */,
				010686F223FED4B500CB74FD /* SceneDelegate.swift in Sources */,
			);
			runOnlyForDeploymentPostprocessing = 0;
		};
		0106870123FED4BD00CB74FD /* Sources */ = {
			isa = PBXSourcesBuildPhase;
			buildActionMask = 2147483647;
			files = (
				0106870A23FED4BD00CB74FD /* Project_for_TestTests.swift in Sources */,
			);
			runOnlyForDeploymentPostprocessing = 0;
		};
/* End PBXSourcesBuildPhase section */

/* Begin PBXTargetDependency section */
		0106870723FED4BD00CB74FD /* PBXTargetDependency */ = {
			isa = PBXTargetDependency;
			target = 010686EB23FED4B500CB74FD /* Project for Test */;
			targetProxy = 0106870623FED4BD00CB74FD /* PBXContainerItemProxy */;
		};
/* End PBXTargetDependency section */

/* Begin PBXVariantGroup section */
		010686F523FED4B500CB74FD /* Main.storyboard */ = {
			isa = PBXVariantGroup;
			children = (
				010686F623FED4B500CB74FD /* Base */,
			);
			name = Main.storyboard;
			sourceTree = "<group>";
		};
		010686FD23FED4BC00CB74FD /* LaunchScreen.storyboard */ = {
			isa = PBXVariantGroup;
			children = (
				010686FE23FED4BC00CB74FD /* Base */,
			);
			name = LaunchScreen.storyboard;
			sourceTree = "<group>";
		};
/* End PBXVariantGroup section */

/* Begin XCBuildConfiguration section */
		0106870C23FED4BD00CB74FD /* Debug */ = {
			isa = XCBuildConfiguration;
			buildSettings = {
				ALWAYS_SEARCH_USER_PATHS = NO;
				CLANG_ANALYZER_NONNULL = YES;
				CLANG_ANALYZER_NUMBER_OBJECT_CONVERSION = YES_AGGRESSIVE;
				CLANG_CXX_LANGUAGE_STANDARD = "gnu++14";
				CLANG_CXX_LIBRARY = "libc++";
				CLANG_ENABLE_MODULES = YES;
				CLANG_ENABLE_OBJC_ARC = YES;
				CLANG_ENABLE_OBJC_WEAK = YES;
				CLANG_WARN_BLOCK_CAPTURE_AUTORELEASING = YES;
				CLANG_WARN_BOOL_CONVERSION = YES;
				CLANG_WARN_COMMA = YES;
				CLANG_WARN_CONSTANT_CONVERSION = YES;
				CLANG_WARN_DEPRECATED_OBJC_IMPLEMENTATIONS = YES;
				CLANG_WARN_DIRECT_OBJC_ISA_USAGE = YES_ERROR;
				CLANG_WARN_DOCUMENTATION_COMMENTS = YES;
				CLANG_WARN_EMPTY_BODY = YES;
				CLANG_WARN_ENUM_CONVERSION = YES;
				CLANG_WARN_INFINITE_RECURSION = YES;
				CLANG_WARN_INT_CONVERSION = YES;
				CLANG_WARN_NON_LITERAL_NULL_CONVERSION = YES;
				CLANG_WARN_OBJC_IMPLICIT_RETAIN_SELF = YES;
				CLANG_WARN_OBJC_LITERAL_CONVERSION = YES;
				CLANG_WARN_OBJC_ROOT_CLASS = YES_ERROR;
				CLANG_WARN_RANGE_LOOP_ANALYSIS = YES;
				CLANG_WARN_STRICT_PROTOTYPES = YES;
				CLANG_WARN_SUSPICIOUS_MOVE = YES;
				CLANG_WARN_UNGUARDED_AVAILABILITY = YES_AGGRESSIVE;
				CLANG_WARN_UNREACHABLE_CODE = YES;
				CLANG_WARN__DUPLICATE_METHOD_MATCH = YES;
				COPY_PHASE_STRIP = NO;
				DEBUG_INFORMATION_FORMAT = dwarf;
				ENABLE_STRICT_OBJC_MSGSEND = YES;
				ENABLE_TESTABILITY = YES;
				GCC_C_LANGUAGE_STANDARD = gnu11;
				GCC_DYNAMIC_NO_PIC = NO;
				GCC_NO_COMMON_BLOCKS = YES;
				GCC_OPTIMIZATION_LEVEL = 0;
				GCC_PREPROCESSOR_DEFINITIONS = (
					"DEBUG=1",
					"$(inherited)",
				);
				GCC_WARN_64_TO_32_BIT_CONVERSION = YES;
				GCC_WARN_ABOUT_RETURN_TYPE = YES_ERROR;
				GCC_WARN_UNDECLARED_SELECTOR = YES;
				GCC_WARN_UNINITIALIZED_AUTOS = YES_AGGRESSIVE;
				GCC_WARN_UNUSED_FUNCTION = YES;
				GCC_WARN_UNUSED_VARIABLE = YES;
				IPHONEOS_DEPLOYMENT_TARGET = 13.2;
				MTL_ENABLE_DEBUG_INFO = INCLUDE_SOURCE;
				MTL_FAST_MATH = YES;
				ONLY_ACTIVE_ARCH = YES;
				SDKROOT = iphoneos;
				SWIFT_ACTIVE_COMPILATION_CONDITIONS = DEBUG;
				SWIFT_OPTIMIZATION_LEVEL = "-Onone";
			};
			name = Debug;
		};
		0106870D23FED4BD00CB74FD /* Release */ = {
			isa = XCBuildConfiguration;
			buildSettings = {
				ALWAYS_SEARCH_USER_PATHS = NO;
				CLANG_ANALYZER_NONNULL = YES;
				CLANG_ANALYZER_NUMBER_OBJECT_CONVERSION = YES_AGGRESSIVE;
				CLANG_CXX_LANGUAGE_STANDARD = "gnu++14";
				CLANG_CXX_LIBRARY = "libc++";
				CLANG_ENABLE_MODULES = YES;
				CLANG_ENABLE_OBJC_ARC = YES;
				CLANG_ENABLE_OBJC_WEAK = YES;
				CLANG_WARN_BLOCK_CAPTURE_AUTORELEASING = YES;
				CLANG_WARN_BOOL_CONVERSION = YES;
				CLANG_WARN_COMMA = YES;
				CLANG_WARN_CONSTANT_CONVERSION = YES;
				CLANG_WARN_DEPRECATED_OBJC_IMPLEMENTATIONS = YES;
				CLANG_WARN_DIRECT_OBJC_ISA_USAGE = YES_ERROR;
				CLANG_WARN_DOCUMENTATION_COMMENTS = YES;
				CLANG_WARN_EMPTY_BODY = YES;
				CLANG_WARN_ENUM_CONVERSION = YES;
				CLANG_WARN_INFINITE_RECURSION = YES;
				CLANG_WARN_INT_CONVERSION = YES;
				CLANG_WARN_NON_LITERAL_NULL_CONVERSION = YES;
				CLANG_WARN_OBJC_IMPLICIT_RETAIN_SELF = YES;
				CLANG_WARN_OBJC_LITERAL_CONVERSION = YES;
				CLANG_WARN_OBJC_ROOT_CLASS = YES_ERROR;
				CLANG_WARN_RANGE_LOOP_ANALYSIS = YES;
				CLANG_WARN_STRICT_PROTOTYPES = YES;
				CLANG_WARN_SUSPICIOUS_MOVE = YES;
				CLANG_WARN_UNGUARDED_AVAILABILITY = YES_AGGRESSIVE;
				CLANG_WARN_UNREACHABLE_CODE = YES;
				CLANG_WARN__DUPLICATE_METHOD_MATCH = YES;
				COPY_PHASE_STRIP = NO;
				DEBUG_INFORMATION_FORMAT = "dwarf-with-dsym";
				ENABLE_NS_ASSERTIONS = NO;
				ENABLE_STRICT_OBJC_MSGSEND = YES;
				GCC_C_LANGUAGE_STANDARD = gnu11;
				GCC_NO_COMMON_BLOCKS = YES;
				GCC_WARN_64_TO_32_BIT_CONVERSION = YES;
				GCC_WARN_ABOUT_RETURN_TYPE = YES_ERROR;
				GCC_WARN_UNDECLARED_SELECTOR = YES;
				GCC_WARN_UNINITIALIZED_AUTOS = YES_AGGRESSIVE;
				GCC_WARN_UNUSED_FUNCTION = YES;
				GCC_WARN_UNUSED_VARIABLE = YES;
				IPHONEOS_DEPLOYMENT_TARGET = 13.2;
				MTL_ENABLE_DEBUG_INFO = NO;
				MTL_FAST_MATH = YES;
				SDKROOT = iphoneos;
				SWIFT_COMPILATION_MODE = wholemodule;
				SWIFT_OPTIMIZATION_LEVEL = "-O";
				VALIDATE_PRODUCT = YES;
			};
			name = Release;
		};
		0106870F23FED4BD00CB74FD /* Debug */ = {
			isa = XCBuildConfiguration;
			buildSettings = {
				ASSETCATALOG_COMPILER_APPICON_NAME = AppIcon;
				CODE_SIGN_STYLE = Automatic;
				DEVELOPMENT_TEAM = 2Z23YJK7V9;
				INFOPLIST_FILE = "Project for Test/Info.plist";
				IPHONEOS_DEPLOYMENT_TARGET = 11.0;
				LD_RUNPATH_SEARCH_PATHS = (
					"$(inherited)",
					"@executable_path/Frameworks",
				);
				PRODUCT_BUNDLE_IDENTIFIER = "com.kris.sideproj.Project-for-Test";
				PRODUCT_NAME = "$(TARGET_NAME)";
				SWIFT_VERSION = 5.0;
				TARGETED_DEVICE_FAMILY = "1,2";
				VALID_ARCHS = "arm64 arm64e armv7 armv7s";
			};
			name = Debug;
		};
		0106871023FED4BD00CB74FD /* Release */ = {
			isa = XCBuildConfiguration;
			buildSettings = {
				ASSETCATALOG_COMPILER_APPICON_NAME = AppIcon;
				CODE_SIGN_STYLE = Automatic;
				DEVELOPMENT_TEAM = 2Z23YJK7V9;
				INFOPLIST_FILE = "Project for Test/Info.plist";
				IPHONEOS_DEPLOYMENT_TARGET = 11.0;
				LD_RUNPATH_SEARCH_PATHS = (
					"$(inherited)",
					"@executable_path/Frameworks",
				);
				PRODUCT_BUNDLE_IDENTIFIER = "com.kris.sideproj.Project-for-Test";
				PRODUCT_NAME = "$(TARGET_NAME)";
				SWIFT_VERSION = 5.0;
				TARGETED_DEVICE_FAMILY = "1,2";
				VALID_ARCHS = "arm64 arm64e armv7 armv7s";
			};
			name = Release;
		};
		0106871223FED4BD00CB74FD /* Debug */ = {
			isa = XCBuildConfiguration;
			buildSettings = {
				ALWAYS_EMBED_SWIFT_STANDARD_LIBRARIES = YES;
				BUNDLE_LOADER = "$(TEST_HOST)";
				CODE_SIGN_STYLE = Automatic;
				DEVELOPMENT_TEAM = 2Z23YJK7V9;
				INFOPLIST_FILE = "Project for TestTests/Info.plist";
				IPHONEOS_DEPLOYMENT_TARGET = 13.2;
				LD_RUNPATH_SEARCH_PATHS = (
					"$(inherited)",
					"@executable_path/Frameworks",
					"@loader_path/Frameworks",
				);
				PRODUCT_BUNDLE_IDENTIFIER = "com.kris.sideproj.Project-for-TestTests";
				PRODUCT_NAME = "$(TARGET_NAME)";
				SWIFT_VERSION = 5.0;
				TARGETED_DEVICE_FAMILY = "1,2";
				TEST_HOST = "$(BUILT_PRODUCTS_DIR)/Project for Test.app/Project for Test";
			};
			name = Debug;
		};
		0106871323FED4BD00CB74FD /* Release */ = {
			isa = XCBuildConfiguration;
			buildSettings = {
				ALWAYS_EMBED_SWIFT_STANDARD_LIBRARIES = YES;
				BUNDLE_LOADER = "$(TEST_HOST)";
				CODE_SIGN_STYLE = Automatic;
				DEVELOPMENT_TEAM = 2Z23YJK7V9;
				INFOPLIST_FILE = "Project for TestTests/Info.plist";
				IPHONEOS_DEPLOYMENT_TARGET = 13.2;
				LD_RUNPATH_SEARCH_PATHS = (
					"$(inherited)",
					"@executable_path/Frameworks",
					"@loader_path/Frameworks",
				);
				PRODUCT_BUNDLE_IDENTIFIER = "com.kris.sideproj.Project-for-TestTests";
				PRODUCT_NAME = "$(TARGET_NAME)";
				SWIFT_VERSION = 5.0;
				TARGETED_DEVICE_FAMILY = "1,2";
				TEST_HOST = "$(BUILT_PRODUCTS_DIR)/Project for Test.app/Project for Test";
			};
			name = Release;
		};
/* End XCBuildConfiguration section */

/* Begin XCConfigurationList section */
		010686E723FED4B500CB74FD /* Build configuration list for PBXProject "Project for Test" */ = {
			isa = XCConfigurationList;
			buildConfigurations = (
				0106870C23FED4BD00CB74FD /* Debug */,
				0106870D23FED4BD00CB74FD /* Release */,
			);
			defaultConfigurationIsVisible = 0;
			defaultConfigurationName = Release;
		};
		0106870E23FED4BD00CB74FD /* Build configuration list for PBXNativeTarget "Project for Test" */ = {
			isa = XCConfigurationList;
			buildConfigurations = (
				0106870F23FED4BD00CB74FD /* Debug */,
				0106871023FED4BD00CB74FD /* Release */,
			);
			defaultConfigurationIsVisible = 0;
			defaultConfigurationName = Release;
		};
		0106871123FED4BD00CB74FD /* Build configuration list for PBXNativeTarget "Project for TestTests" */ = {
			isa = XCConfigurationList;
			buildConfigurations = (
				0106871223FED4BD00CB74FD /* Debug */,
				0106871323FED4BD00CB74FD /* Release */,
			);
			defaultConfigurationIsVisible = 0;
			defaultConfigurationName = Release;
		};
/* End XCConfigurationList section */

/* Begin XCVersionGroup section */
		010686F823FED4B500CB74FD /* Project_for_Test.xcdatamodeld */ = {
			isa = XCVersionGroup;
			children = (
				010686F923FED4B500CB74FD /* Project_for_Test.xcdatamodel */,
			);
			currentVersion = 010686F923FED4B500CB74FD /* Project_for_Test.xcdatamodel */;
			path = Project_for_Test.xcdatamodeld;
			sourceTree = "<group>";
			versionGroupType = wrapper.xcdatamodel;
		};
/* End XCVersionGroup section */
	};
	rootObject = 010686E423FED4B500CB74FD /* Project object */;
}
